// !$*UTF8*$!
{
	archiveVersion = 1;
	classes = {
	};
	objectVersion = 46;
	objects = {

/* Begin PBXBuildFile section */
		D987CB521EECA7480040242B /* AppDelegate.swift in Sources */ = {isa = PBXBuildFile; fileRef = D987CB511EECA7480040242B /* AppDelegate.swift */; };
		D987CB541EECA7480040242B /* ViewController.swift in Sources */ = {isa = PBXBuildFile; fileRef = D987CB531EECA7480040242B /* ViewController.swift */; };
		D987CB571EECA7480040242B /* Main.storyboard in Resources */ = {isa = PBXBuildFile; fileRef = D987CB551EECA7480040242B /* Main.storyboard */; };
		D987CB591EECA7480040242B /* Assets.xcassets in Resources */ = {isa = PBXBuildFile; fileRef = D987CB581EECA7480040242B /* Assets.xcassets */; };
		D987CB5C1EECA7480040242B /* LaunchScreen.storyboard in Resources */ = {isa = PBXBuildFile; fileRef = D987CB5A1EECA7480040242B /* LaunchScreen.storyboard */; };
		D987CB671EECA7480040242B /* FizzBuzzTDDTests.swift in Sources */ = {isa = PBXBuildFile; fileRef = D987CB661EECA7480040242B /* FizzBuzzTDDTests.swift */; };
		D987CB721EECA7480040242B /* FizzBuzzTDDUITests.swift in Sources */ = {isa = PBXBuildFile; fileRef = D987CB711EECA7480040242B /* FizzBuzzTDDUITests.swift */; };
		D987CB801EECA7740040242B /* Brain.swift in Sources */ = {isa = PBXBuildFile; fileRef = D987CB7F1EECA7740040242B /* Brain.swift */; };
		D9FEBB251EECC08100F0BE4A /* GameTests.swift in Sources */ = {isa = PBXBuildFile; fileRef = D9FEBB241EECC08100F0BE4A /* GameTests.swift */; };
		D9FEBB271EECC0EC00F0BE4A /* Game.swift in Sources */ = {isa = PBXBuildFile; fileRef = D9FEBB261EECC0EC00F0BE4A /* Game.swift */; };
		D9FEBB291EEDE37700F0BE4A /* ViewControllerTests.swift in Sources */ = {isa = PBXBuildFile; fileRef = D9FEBB281EEDE37700F0BE4A /* ViewControllerTests.swift */; };
/* End PBXBuildFile section */

/* Begin PBXContainerItemProxy section */
		D987CB631EECA7480040242B /* PBXContainerItemProxy */ = {
			isa = PBXContainerItemProxy;
			containerPortal = D987CB461EECA7480040242B /* Project object */;
			proxyType = 1;
			remoteGlobalIDString = D987CB4D1EECA7480040242B;
			remoteInfo = FizzBuzzTDD;
		};
		D987CB6E1EECA7480040242B /* PBXContainerItemProxy */ = {
			isa = PBXContainerItemProxy;
			containerPortal = D987CB461EECA7480040242B /* Project object */;
			proxyType = 1;
			remoteGlobalIDString = D987CB4D1EECA7480040242B;
			remoteInfo = FizzBuzzTDD;
		};
/* End PBXContainerItemProxy section */

/* Begin PBXFileReference section */
		D987CB4E1EECA7480040242B /* FizzBuzzTDD.app */ = {isa = PBXFileReference; explicitFileType = wrapper.application; includeInIndex = 0; path = FizzBuzzTDD.app; sourceTree = BUILT_PRODUCTS_DIR; };
		D987CB511EECA7480040242B /* AppDelegate.swift */ = {isa = PBXFileReference; lastKnownFileType = sourcecode.swift; path = AppDelegate.swift; sourceTree = "<group>"; };
		D987CB531EECA7480040242B /* ViewController.swift */ = {isa = PBXFileReference; lastKnownFileType = sourcecode.swift; path = ViewController.swift; sourceTree = "<group>"; };
		D987CB561EECA7480040242B /* Base */ = {isa = PBXFileReference; lastKnownFileType = file.storyboard; name = Base; path = Base.lproj/Main.storyboard; sourceTree = "<group>"; };
		D987CB581EECA7480040242B /* Assets.xcassets */ = {isa = PBXFileReference; lastKnownFileType = folder.assetcatalog; path = Assets.xcassets; sourceTree = "<group>"; };
		D987CB5B1EECA7480040242B /* Base */ = {isa = PBXFileReference; lastKnownFileType = file.storyboard; name = Base; path = Base.lproj/LaunchScreen.storyboard; sourceTree = "<group>"; };
		D987CB5D1EECA7480040242B /* Info.plist */ = {isa = PBXFileReference; lastKnownFileType = text.plist.xml; path = Info.plist; sourceTree = "<group>"; };
		D987CB621EECA7480040242B /* FizzBuzzTDDTests.xctest */ = {isa = PBXFileReference; explicitFileType = wrapper.cfbundle; includeInIndex = 0; path = FizzBuzzTDDTests.xctest; sourceTree = BUILT_PRODUCTS_DIR; };
		D987CB661EECA7480040242B /* FizzBuzzTDDTests.swift */ = {isa = PBXFileReference; lastKnownFileType = sourcecode.swift; path = FizzBuzzTDDTests.swift; sourceTree = "<group>"; };
		D987CB681EECA7480040242B /* Info.plist */ = {isa = PBXFileReference; lastKnownFileType = text.plist.xml; path = Info.plist; sourceTree = "<group>"; };
		D987CB6D1EECA7480040242B /* FizzBuzzTDDUITests.xctest */ = {isa = PBXFileReference; explicitFileType = wrapper.cfbundle; includeInIndex = 0; path = FizzBuzzTDDUITests.xctest; sourceTree = BUILT_PRODUCTS_DIR; };
		D987CB711EECA7480040242B /* FizzBuzzTDDUITests.swift */ = {isa = PBXFileReference; lastKnownFileType = sourcecode.swift; path = FizzBuzzTDDUITests.swift; sourceTree = "<group>"; };
		D987CB731EECA7480040242B /* Info.plist */ = {isa = PBXFileReference; lastKnownFileType = text.plist.xml; path = Info.plist; sourceTree = "<group>"; };
		D987CB7F1EECA7740040242B /* Brain.swift */ = {isa = PBXFileReference; fileEncoding = 4; lastKnownFileType = sourcecode.swift; path = Brain.swift; sourceTree = "<group>"; };
		D9FEBB241EECC08100F0BE4A /* GameTests.swift */ = {isa = PBXFileReference; fileEncoding = 4; lastKnownFileType = sourcecode.swift; path = GameTests.swift; sourceTree = "<group>"; };
		D9FEBB261EECC0EC00F0BE4A /* Game.swift */ = {isa = PBXFileReference; fileEncoding = 4; lastKnownFileType = sourcecode.swift; path = Game.swift; sourceTree = "<group>"; };
		D9FEBB281EEDE37700F0BE4A /* ViewControllerTests.swift */ = {isa = PBXFileReference; fileEncoding = 4; lastKnownFileType = sourcecode.swift; path = ViewControllerTests.swift; sourceTree = "<group>"; };
/* End PBXFileReference section */

/* Begin PBXFrameworksBuildPhase section */
		D987CB4B1EECA7480040242B /* Frameworks */ = {
			isa = PBXFrameworksBuildPhase;
			buildActionMask = 2147483647;
			files = (
			);
			runOnlyForDeploymentPostprocessing = 0;
		};
		D987CB5F1EECA7480040242B /* Frameworks */ = {
			isa = PBXFrameworksBuildPhase;
			buildActionMask = 2147483647;
			files = (
			);
			runOnlyForDeploymentPostprocessing = 0;
		};
		D987CB6A1EECA7480040242B /* Frameworks */ = {
			isa = PBXFrameworksBuildPhase;
			buildActionMask = 2147483647;
			files = (
			);
			runOnlyForDeploymentPostprocessing = 0;
		};
/* End PBXFrameworksBuildPhase section */

/* Begin PBXGroup section */
		D987CB451EECA7480040242B = {
			isa = PBXGroup;
			children = (
				D987CB501EECA7480040242B /* FizzBuzzTDD */,
				D987CB651EECA7480040242B /* FizzBuzzTDDTests */,
				D987CB701EECA7480040242B /* FizzBuzzTDDUITests */,
				D987CB4F1EECA7480040242B /* Products */,
			);
			sourceTree = "<group>";
		};
		D987CB4F1EECA7480040242B /* Products */ = {
			isa = PBXGroup;
			children = (
				D987CB4E1EECA7480040242B /* FizzBuzzTDD.app */,
				D987CB621EECA7480040242B /* FizzBuzzTDDTests.xctest */,
				D987CB6D1EECA7480040242B /* FizzBuzzTDDUITests.xctest */,
			);
			name = Products;
			sourceTree = "<group>";
		};
		D987CB501EECA7480040242B /* FizzBuzzTDD */ = {
			isa = PBXGroup;
			children = (
				D9FEBB211EECAB4B00F0BE4A /* Model */,
				D9FEBB221EECAB4F00F0BE4A /* View */,
				D9FEBB231EECAB5400F0BE4A /* Controller */,
				D987CB511EECA7480040242B /* AppDelegate.swift */,
				D987CB551EECA7480040242B /* Main.storyboard */,
				D987CB581EECA7480040242B /* Assets.xcassets */,
				D987CB5A1EECA7480040242B /* LaunchScreen.storyboard */,
				D987CB5D1EECA7480040242B /* Info.plist */,
			);
			path = FizzBuzzTDD;
			sourceTree = "<group>";
		};
		D987CB651EECA7480040242B /* FizzBuzzTDDTests */ = {
			isa = PBXGroup;
			children = (
				D987CB661EECA7480040242B /* FizzBuzzTDDTests.swift */,
				D9FEBB241EECC08100F0BE4A /* GameTests.swift */,
				D9FEBB281EEDE37700F0BE4A /* ViewControllerTests.swift */,
				D987CB681EECA7480040242B /* Info.plist */,
			);
			path = FizzBuzzTDDTests;
			sourceTree = "<group>";
		};
		D987CB701EECA7480040242B /* FizzBuzzTDDUITests */ = {
			isa = PBXGroup;
			children = (
				D987CB711EECA7480040242B /* FizzBuzzTDDUITests.swift */,
				D987CB731EECA7480040242B /* Info.plist */,
			);
			path = FizzBuzzTDDUITests;
			sourceTree = "<group>";
		};
		D9FEBB211EECAB4B00F0BE4A /* Model */ = {
			isa = PBXGroup;
			children = (
				D987CB7F1EECA7740040242B /* Brain.swift */,
				D9FEBB261EECC0EC00F0BE4A /* Game.swift */,
			);
			name = Model;
			sourceTree = "<group>";
		};
		D9FEBB221EECAB4F00F0BE4A /* View */ = {
			isa = PBXGroup;
			children = (
			);
			name = View;
			sourceTree = "<group>";
		};
		D9FEBB231EECAB5400F0BE4A /* Controller */ = {
			isa = PBXGroup;
			children = (
				D987CB531EECA7480040242B /* ViewController.swift */,
			);
			name = Controller;
			sourceTree = "<group>";
		};
/* End PBXGroup section */

/* Begin PBXNativeTarget section */
		D987CB4D1EECA7480040242B /* FizzBuzzTDD */ = {
			isa = PBXNativeTarget;
			buildConfigurationList = D987CB761EECA7480040242B /* Build configuration list for PBXNativeTarget "FizzBuzzTDD" */;
			buildPhases = (
				D987CB4A1EECA7480040242B /* Sources */,
				D987CB4B1EECA7480040242B /* Frameworks */,
				D987CB4C1EECA7480040242B /* Resources */,
			);
			buildRules = (
			);
			dependencies = (
			);
			name = FizzBuzzTDD;
			productName = FizzBuzzTDD;
			productReference = D987CB4E1EECA7480040242B /* FizzBuzzTDD.app */;
			productType = "com.apple.product-type.application";
		};
		D987CB611EECA7480040242B /* FizzBuzzTDDTests */ = {
			isa = PBXNativeTarget;
			buildConfigurationList = D987CB791EECA7480040242B /* Build configuration list for PBXNativeTarget "FizzBuzzTDDTests" */;
			buildPhases = (
				D987CB5E1EECA7480040242B /* Sources */,
				D987CB5F1EECA7480040242B /* Frameworks */,
				D987CB601EECA7480040242B /* Resources */,
			);
			buildRules = (
			);
			dependencies = (
				D987CB641EECA7480040242B /* PBXTargetDependency */,
			);
			name = FizzBuzzTDDTests;
			productName = FizzBuzzTDDTests;
			productReference = D987CB621EECA7480040242B /* FizzBuzzTDDTests.xctest */;
			productType = "com.apple.product-type.bundle.unit-test";
		};
		D987CB6C1EECA7480040242B /* FizzBuzzTDDUITests */ = {
			isa = PBXNativeTarget;
			buildConfigurationList = D987CB7C1EECA7480040242B /* Build configuration list for PBXNativeTarget "FizzBuzzTDDUITests" */;
			buildPhases = (
				D987CB691EECA7480040242B /* Sources */,
				D987CB6A1EECA7480040242B /* Frameworks */,
				D987CB6B1EECA7480040242B /* Resources */,
			);
			buildRules = (
			);
			dependencies = (
				D987CB6F1EECA7480040242B /* PBXTargetDependency */,
			);
			name = FizzBuzzTDDUITests;
			productName = FizzBuzzTDDUITests;
			productReference = D987CB6D1EECA7480040242B /* FizzBuzzTDDUITests.xctest */;
			productType = "com.apple.product-type.bundle.ui-testing";
		};
/* End PBXNativeTarget section */

/* Begin PBXProject section */
		D987CB461EECA7480040242B /* Project object */ = {
			isa = PBXProject;
			attributes = {
				LastSwiftUpdateCheck = 0830;
				LastUpgradeCheck = 0830;
				ORGANIZATIONNAME = "Ron Ramirez";
				TargetAttributes = {
					D987CB4D1EECA7480040242B = {
						CreatedOnToolsVersion = 8.3.2;
						DevelopmentTeam = RJETQ2A4J2;
						ProvisioningStyle = Automatic;
					};
					D987CB611EECA7480040242B = {
						CreatedOnToolsVersion = 8.3.2;
						DevelopmentTeam = RJETQ2A4J2;
						ProvisioningStyle = Automatic;
						TestTargetID = D987CB4D1EECA7480040242B;
					};
					D987CB6C1EECA7480040242B = {
						CreatedOnToolsVersion = 8.3.2;
						DevelopmentTeam = RJETQ2A4J2;
						ProvisioningStyle = Automatic;
						TestTargetID = D987CB4D1EECA7480040242B;
					};
				};
			};
			buildConfigurationList = D987CB491EECA7480040242B /* Build configuration list for PBXProject "FizzBuzzTDD" */;
			compatibilityVersion = "Xcode 3.2";
			developmentRegion = English;
			hasScannedForEncodings = 0;
			knownRegions = (
				en,
				Base,
			);
			mainGroup = D987CB451EECA7480040242B;
			productRefGroup = D987CB4F1EECA7480040242B /* Products */;
			projectDirPath = "";
			projectRoot = "";
			targets = (
				D987CB4D1EECA7480040242B /* FizzBuzzTDD */,
				D987CB611EECA7480040242B /* FizzBuzzTDDTests */,
				D987CB6C1EECA7480040242B /* FizzBuzzTDDUITests */,
			);
		};
/* End PBXProject section */

/* Begin PBXResourcesBuildPhase section */
		D987CB4C1EECA7480040242B /* Resources */ = {
			isa = PBXResourcesBuildPhase;
			buildActionMask = 2147483647;
			files = (
				D987CB5C1EECA7480040242B /* LaunchScreen.storyboard in Resources */,
				D987CB591EECA7480040242B /* Assets.xcassets in Resources */,
				D987CB571EECA7480040242B /* Main.storyboard in Resources */,
			);
			runOnlyForDeploymentPostprocessing = 0;
		};
		D987CB601EECA7480040242B /* Resources */ = {
			isa = PBXResourcesBuildPhase;
			buildActionMask = 2147483647;
			files = (
			);
			runOnlyForDeploymentPostprocessing = 0;
		};
		D987CB6B1EECA7480040242B /* Resources */ = {
			isa = PBXResourcesBuildPhase;
			buildActionMask = 2147483647;
			files = (
			);
			runOnlyForDeploymentPostprocessing = 0;
		};
/* End PBXResourcesBuildPhase section */

/* Begin PBXSourcesBuildPhase section */
		D987CB4A1EECA7480040242B /* Sources */ = {
			isa = PBXSourcesBuildPhase;
			buildActionMask = 2147483647;
			files = (
				D987CB541EECA7480040242B /* ViewController.swift in Sources */,
				D987CB801EECA7740040242B /* Brain.swift in Sources */,
				D987CB521EECA7480040242B /* AppDelegate.swift in Sources */,
				D9FEBB271EECC0EC00F0BE4A /* Game.swift in Sources */,
			);
			runOnlyForDeploymentPostprocessing = 0;
		};
		D987CB5E1EECA7480040242B /* Sources */ = {
			isa = PBXSourcesBuildPhase;
			buildActionMask = 2147483647;
			files = (
				D9FEBB291EEDE37700F0BE4A /* ViewControllerTests.swift in Sources */,
				D987CB671EECA7480040242B /* FizzBuzzTDDTests.swift in Sources */,
				D9FEBB251EECC08100F0BE4A /* GameTests.swift in Sources */,
			);
			runOnlyForDeploymentPostprocessing = 0;
		};
		D987CB691EECA7480040242B /* Sources */ = {
			isa = PBXSourcesBuildPhase;
			buildActionMask = 2147483647;
			files = (
				D987CB721EECA7480040242B /* FizzBuzzTDDUITests.swift in Sources */,
			);
			runOnlyForDeploymentPostprocessing = 0;
		};
/* End PBXSourcesBuildPhase section */

/* Begin PBXTargetDependency section */
		D987CB641EECA7480040242B /* PBXTargetDependency */ = {
			isa = PBXTargetDependency;
			target = D987CB4D1EECA7480040242B /* FizzBuzzTDD */;
			targetProxy = D987CB631EECA7480040242B /* PBXContainerItemProxy */;
		};
		D987CB6F1EECA7480040242B /* PBXTargetDependency */ = {
			isa = PBXTargetDependency;
			target = D987CB4D1EECA7480040242B /* FizzBuzzTDD */;
			targetProxy = D987CB6E1EECA7480040242B /* PBXContainerItemProxy */;
		};
/* End PBXTargetDependency section */

/* Begin PBXVariantGroup section */
		D987CB551EECA7480040242B /* Main.storyboard */ = {
			isa = PBXVariantGroup;
			children = (
				D987CB561EECA7480040242B /* Base */,
			);
			name = Main.storyboard;
			sourceTree = "<group>";
		};
		D987CB5A1EECA7480040242B /* LaunchScreen.storyboard */ = {
			isa = PBXVariantGroup;
			children = (
				D987CB5B1EECA7480040242B /* Base */,
			);
			name = LaunchScreen.storyboard;
			sourceTree = "<group>";
		};
/* End PBXVariantGroup section */

/* Begin XCBuildConfiguration section */
		D987CB741EECA7480040242B /* Debug */ = {
			isa = XCBuildConfiguration;
			buildSettings = {
				ALWAYS_SEARCH_USER_PATHS = NO;
				CLANG_ANALYZER_NONNULL = YES;
				CLANG_ANALYZER_NUMBER_OBJECT_CONVERSION = YES_AGGRESSIVE;
				CLANG_CXX_LANGUAGE_STANDARD = "gnu++0x";
				CLANG_CXX_LIBRARY = "libc++";
				CLANG_ENABLE_MODULES = YES;
				CLANG_ENABLE_OBJC_ARC = YES;
				CLANG_WARN_BOOL_CONVERSION = YES;
				CLANG_WARN_CONSTANT_CONVERSION = YES;
				CLANG_WARN_DIRECT_OBJC_ISA_USAGE = YES_ERROR;
				CLANG_WARN_DOCUMENTATION_COMMENTS = YES;
				CLANG_WARN_EMPTY_BODY = YES;
				CLANG_WARN_ENUM_CONVERSION = YES;
				CLANG_WARN_INFINITE_RECURSION = YES;
				CLANG_WARN_INT_CONVERSION = YES;
				CLANG_WARN_OBJC_ROOT_CLASS = YES_ERROR;
				CLANG_WARN_SUSPICIOUS_MOVE = YES;
				CLANG_WARN_UNREACHABLE_CODE = YES;
				CLANG_WARN__DUPLICATE_METHOD_MATCH = YES;
				"CODE_SIGN_IDENTITY[sdk=iphoneos*]" = "iPhone Developer";
				COPY_PHASE_STRIP = NO;
				DEBUG_INFORMATION_FORMAT = dwarf;
				ENABLE_STRICT_OBJC_MSGSEND = YES;
				ENABLE_TESTABILITY = YES;
				GCC_C_LANGUAGE_STANDARD = gnu99;
				GCC_DYNAMIC_NO_PIC = NO;
				GCC_NO_COMMON_BLOCKS = YES;
				GCC_OPTIMIZATION_LEVEL = 0;
				GCC_PREPROCESSOR_DEFINITIONS = (
					"DEBUG=1",
					"$(inherited)",
				);
				GCC_WARN_64_TO_32_BIT_CONVERSION = YES;
				GCC_WARN_ABOUT_RETURN_TYPE = YES_ERROR;
				GCC_WARN_UNDECLARED_SELECTOR = YES;
				GCC_WARN_UNINITIALIZED_AUTOS = YES_AGGRESSIVE;
				GCC_WARN_UNUSED_FUNCTION = YES;
				GCC_WARN_UNUSED_VARIABLE = YES;
				IPHONEOS_DEPLOYMENT_TARGET = 10.3;
				MTL_ENABLE_DEBUG_INFO = YES;
				ONLY_ACTIVE_ARCH = YES;
				SDKROOT = iphoneos;
				SWIFT_ACTIVE_COMPILATION_CONDITIONS = DEBUG;
				SWIFT_OPTIMIZATION_LEVEL = "-Onone";
				TARGETED_DEVICE_FAMILY = "1,2";
			};
			name = Debug;
		};
		D987CB751EECA7480040242B /* Release */ = {
			isa = XCBuildConfiguration;
			buildSettings = {
				ALWAYS_SEARCH_USER_PATHS = NO;
				CLANG_ANALYZER_NONNULL = YES;
				CLANG_ANALYZER_NUMBER_OBJECT_CONVERSION = YES_AGGRESSIVE;
				CLANG_CXX_LANGUAGE_STANDARD = "gnu++0x";
				CLANG_CXX_LIBRARY = "libc++";
				CLANG_ENABLE_MODULES = YES;
				CLANG_ENABLE_OBJC_ARC = YES;
				CLANG_WARN_BOOL_CONVERSION = YES;
				CLANG_WARN_CONSTANT_CONVERSION = YES;
				CLANG_WARN_DIRECT_OBJC_ISA_USAGE = YES_ERROR;
				CLANG_WARN_DOCUMENTATION_COMMENTS = YES;
				CLANG_WARN_EMPTY_BODY = YES;
				CLANG_WARN_ENUM_CONVERSION = YES;
				CLANG_WARN_INFINITE_RECURSION = YES;
				CLANG_WARN_INT_CONVERSION = YES;
				CLANG_WARN_OBJC_ROOT_CLASS = YES_ERROR;
				CLANG_WARN_SUSPICIOUS_MOVE = YES;
				CLANG_WARN_UNREACHABLE_CODE = YES;
				CLANG_WARN__DUPLICATE_METHOD_MATCH = YES;
				"CODE_SIGN_IDENTITY[sdk=iphoneos*]" = "iPhone Developer";
				COPY_PHASE_STRIP = NO;
				DEBUG_INFORMATION_FORMAT = "dwarf-with-dsym";
				ENABLE_NS_ASSERTIONS = NO;
				ENABLE_STRICT_OBJC_MSGSEND = YES;
				GCC_C_LANGUAGE_STANDARD = gnu99;
				GCC_NO_COMMON_BLOCKS = YES;
				GCC_WARN_64_TO_32_BIT_CONVERSION = YES;
				GCC_WARN_ABOUT_RETURN_TYPE = YES_ERROR;
				GCC_WARN_UNDECLARED_SELECTOR = YES;
				GCC_WARN_UNINITIALIZED_AUTOS = YES_AGGRESSIVE;
				GCC_WARN_UNUSED_FUNCTION = YES;
				GCC_WARN_UNUSED_VARIABLE = YES;
				IPHONEOS_DEPLOYMENT_TARGET = 10.3;
				MTL_ENABLE_DEBUG_INFO = NO;
				SDKROOT = iphoneos;
				SWIFT_OPTIMIZATION_LEVEL = "-Owholemodule";
				TARGETED_DEVICE_FAMILY = "1,2";
				VALIDATE_PRODUCT = YES;
			};
			name = Release;
		};
		D987CB771EECA7480040242B /* Debug */ = {
			isa = XCBuildConfiguration;
			buildSettings = {
				ASSETCATALOG_COMPILER_APPICON_NAME = AppIcon;
				DEVELOPMENT_TEAM = RJETQ2A4J2;
				INFOPLIST_FILE = FizzBuzzTDD/Info.plist;
				LD_RUNPATH_SEARCH_PATHS = "$(inherited) @executable_path/Frameworks";
				PRODUCT_BUNDLE_IDENTIFIER = com.MochiApps.FizzBuzzTDD;
				PRODUCT_NAME = "$(TARGET_NAME)";
				SWIFT_VERSION = 3.0;
			};
			name = Debug;
		};
		D987CB781EECA7480040242B /* Release */ = {
			isa = XCBuildConfiguration;
			buildSettings = {
				ASSETCATALOG_COMPILER_APPICON_NAME = AppIcon;
				DEVELOPMENT_TEAM = RJETQ2A4J2;
				INFOPLIST_FILE = FizzBuzzTDD/Info.plist;
				LD_RUNPATH_SEARCH_PATHS = "$(inherited) @executable_path/Frameworks";
				PRODUCT_BUNDLE_IDENTIFIER = com.MochiApps.FizzBuzzTDD;
				PRODUCT_NAME = "$(TARGET_NAME)";
				SWIFT_VERSION = 3.0;
			};
			name = Release;
		};
		D987CB7A1EECA7480040242B /* Debug */ = {
			isa = XCBuildConfiguration;
			buildSettings = {
				ALWAYS_EMBED_SWIFT_STANDARD_LIBRARIES = YES;
				BUNDLE_LOADER = "$(TEST_HOST)";
				DEVELOPMENT_TEAM = RJETQ2A4J2;
				INFOPLIST_FILE = FizzBuzzTDDTests/Info.plist;
				LD_RUNPATH_SEARCH_PATHS = "$(inherited) @executable_path/Frameworks @loader_path/Frameworks";
				PRODUCT_BUNDLE_IDENTIFIER = com.MochiApps.FizzBuzzTDDTests;
				PRODUCT_NAME = "$(TARGET_NAME)";
				SWIFT_VERSION = 3.0;
				TEST_HOST = "$(BUILT_PRODUCTS_DIR)/FizzBuzzTDD.app/FizzBuzzTDD";
			};
			name = Debug;
		};
		D987CB7B1EECA7480040242B /* Release */ = {
			isa = XCBuildConfiguration;
			buildSettings = {
				ALWAYS_EMBED_SWIFT_STANDARD_LIBRARIES = YES;
				BUNDLE_LOADER = "$(TEST_HOST)";
				DEVELOPMENT_TEAM = RJETQ2A4J2;
				INFOPLIST_FILE = FizzBuzzTDDTests/Info.plist;
				LD_RUNPATH_SEARCH_PATHS = "$(inherited) @executable_path/Frameworks @loader_path/Frameworks";
				PRODUCT_BUNDLE_IDENTIFIER = com.MochiApps.FizzBuzzTDDTests;
				PRODUCT_NAME = "$(TARGET_NAME)";
				SWIFT_VERSION = 3.0;
				TEST_HOST = "$(BUILT_PRODUCTS_DIR)/FizzBuzzTDD.app/FizzBuzzTDD";
			};
			name = Release;
		};
		D987CB7D1EECA7480040242B /* Debug */ = {
			isa = XCBuildConfiguration;
			buildSettings = {
				ALWAYS_EMBED_SWIFT_STANDARD_LIBRARIES = YES;
				DEVELOPMENT_TEAM = RJETQ2A4J2;
				INFOPLIST_FILE = FizzBuzzTDDUITests/Info.plist;
				LD_RUNPATH_SEARCH_PATHS = "$(inherited) @executable_path/Frameworks @loader_path/Frameworks";
				PRODUCT_BUNDLE_IDENTIFIER = com.MochiApps.FizzBuzzTDDUITests;
				PRODUCT_NAME = "$(TARGET_NAME)";
				SWIFT_VERSION = 3.0;
				TEST_TARGET_NAME = FizzBuzzTDD;
			};
			name = Debug;
		};
		D987CB7E1EECA7480040242B /* Release */ = {
			isa = XCBuildConfiguration;
			buildSettings = {
				ALWAYS_EMBED_SWIFT_STANDARD_LIBRARIES = YES;
				DEVELOPMENT_TEAM = RJETQ2A4J2;
				INFOPLIST_FILE = FizzBuzzTDDUITests/Info.plist;
				LD_RUNPATH_SEARCH_PATHS = "$(inherited) @executable_path/Frameworks @loader_path/Frameworks";
				PRODUCT_BUNDLE_IDENTIFIER = com.MochiApps.FizzBuzzTDDUITests;
				PRODUCT_NAME = "$(TARGET_NAME)";
				SWIFT_VERSION = 3.0;
				TEST_TARGET_NAME = FizzBuzzTDD;
			};
			name = Release;
		};
/* End XCBuildConfiguration section */

/* Begin XCConfigurationList section */
		D987CB491EECA7480040242B /* Build configuration list for PBXProject "FizzBuzzTDD" */ = {
			isa = XCConfigurationList;
			buildConfigurations = (
				D987CB741EECA7480040242B /* Debug */,
				D987CB751EECA7480040242B /* Release */,
			);
			defaultConfigurationIsVisible = 0;
			defaultConfigurationName = Release;
		};
		D987CB761EECA7480040242B /* Build configuration list for PBXNativeTarget "FizzBuzzTDD" */ = {
			isa = XCConfigurationList;
			buildConfigurations = (
				D987CB771EECA7480040242B /* Debug */,
				D987CB781EECA7480040242B /* Release */,
			);
			defaultConfigurationIsVisible = 0;
			defaultConfigurationName = Release;
		};
		D987CB791EECA7480040242B /* Build configuration list for PBXNativeTarget "FizzBuzzTDDTests" */ = {
			isa = XCConfigurationList;
			buildConfigurations = (
				D987CB7A1EECA7480040242B /* Debug */,
				D987CB7B1EECA7480040242B /* Release */,
			);
			defaultConfigurationIsVisible = 0;
			defaultConfigurationName = Release;
		};
		D987CB7C1EECA7480040242B /* Build configuration list for PBXNativeTarget "FizzBuzzTDDUITests" */ = {
			isa = XCConfigurationList;
			buildConfigurations = (
				D987CB7D1EECA7480040242B /* Debug */,
				D987CB7E1EECA7480040242B /* Release */,
			);
			defaultConfigurationIsVisible = 0;
			defaultConfigurationName = Release;
		};
/* End XCConfigurationList section */
	};
	rootObject = D987CB461EECA7480040242B /* Project object */;
}
